PODS:
  - Masonry (1.1.0)
  - MYKit (1.1.3):
    - MYKit/Core (= 1.1.3)
  - MYKit/Core (1.1.3):
    - MYKit/Foundation
    - MYKit/SafeKit
    - MYKit/UIKit
  - MYKit/Foundation (1.1.3)
  - MYKit/SafeKit (1.1.3):
    - MYKit/Foundation
  - MYKit/UIKit (1.1.3):
    - MYKit/Foundation

DEPENDENCIES:
  - Masonry
  - MYKit

SPEC REPOS:
  https://github.com/cocoapods/specs.git:
    - Masonry
    - MYKit

SPEC CHECKSUMS:
  Masonry: 678fab65091a9290e40e2832a55e7ab731aad201
  MYKit: 36c106e574158ffbbf58cf1057f9ea71b713a653

PODFILE CHECKSUM: 406d6de38ca6476dca78ce7672f4466984f38ff3

COCOAPODS: 1.6.1
