// !$*UTF8*$!
{
	archiveVersion = 1;
	classes = {
	};
	objectVersion = 46;
	objects = {

/* Begin PBXBuildFile section */
		4C27012E1F014F5600149F03 /* main.m in Sources */ = {isa = PBXBuildFile; fileRef = 4C27012D1F014F5600149F03 /* main.m */; };
		4C2701311F014F5600149F03 /* AppDelegate.m in Sources */ = {isa = PBXBuildFile; fileRef = 4C2701301F014F5600149F03 /* AppDelegate.m */; };
		4C2701341F014F5600149F03 /* ViewController.m in Sources */ = {isa = PBXBuildFile; fileRef = 4C2701331F014F5600149F03 /* ViewController.m */; };
		4C2701371F014F5600149F03 /* Main.storyboard in Resources */ = {isa = PBXBuildFile; fileRef = 4C2701351F014F5600149F03 /* Main.storyboard */; };
		4C2701391F014F5600149F03 /* Assets.xcassets in Resources */ = {isa = PBXBuildFile; fileRef = 4C2701381F014F5600149F03 /* Assets.xcassets */; };
		4C27013C1F014F5600149F03 /* LaunchScreen.storyboard in Resources */ = {isa = PBXBuildFile; fileRef = 4C27013A1F014F5600149F03 /* LaunchScreen.storyboard */; };
		4C2701471F014F5600149F03 /* MYSlideViewControllerTests.m in Sources */ = {isa = PBXBuildFile; fileRef = 4C2701461F014F5600149F03 /* MYSlideViewControllerTests.m */; };
		4C2701521F014F5600149F03 /* MYSlideViewControllerUITests.m in Sources */ = {isa = PBXBuildFile; fileRef = 4C2701511F014F5600149F03 /* MYSlideViewControllerUITests.m */; };
		4C2701621F014FB900149F03 /* MYSlideBarView.m in Sources */ = {isa = PBXBuildFile; fileRef = 4C2701611F014FB900149F03 /* MYSlideBarView.m */; };
		4C2701651F014FD300149F03 /* MYSlideContentView.m in Sources */ = {isa = PBXBuildFile; fileRef = 4C2701641F014FD300149F03 /* MYSlideContentView.m */; };
		4C2701681F0150E700149F03 /* MYSlideBarViewCell.m in Sources */ = {isa = PBXBuildFile; fileRef = 4C2701671F0150E700149F03 /* MYSlideBarViewCell.m */; };
		77B019884175BCA6DB72C451 /* libPods-MYSlideViewController.a in Frameworks */ = {isa = PBXBuildFile; fileRef = AFBD3C5F9D2A7B2B7159394F /* libPods-MYSlideViewController.a */; };
/* End PBXBuildFile section */

/* Begin PBXContainerItemProxy section */
		4C2701431F014F5600149F03 /* PBXContainerItemProxy */ = {
			isa = PBXContainerItemProxy;
			containerPortal = 4C2701211F014F5600149F03 /* Project object */;
			proxyType = 1;
			remoteGlobalIDString = 4C2701281F014F5600149F03;
			remoteInfo = MYSlideViewController;
		};
		4C27014E1F014F5600149F03 /* PBXContainerItemProxy */ = {
			isa = PBXContainerItemProxy;
			containerPortal = 4C2701211F014F5600149F03 /* Project object */;
			proxyType = 1;
			remoteGlobalIDString = 4C2701281F014F5600149F03;
			remoteInfo = MYSlideViewController;
		};
/* End PBXContainerItemProxy section */

/* Begin PBXFileReference section */
		0C4B29965377FB5E45977E04 /* Pods-MYSlideViewController.release.xcconfig */ = {isa = PBXFileReference; includeInIndex = 1; lastKnownFileType = text.xcconfig; name = "Pods-MYSlideViewController.release.xcconfig"; path = "Pods/Target Support Files/Pods-MYSlideViewController/Pods-MYSlideViewController.release.xcconfig"; sourceTree = "<group>"; };
		4C2701291F014F5600149F03 /* MYSlideViewController.app */ = {isa = PBXFileReference; explicitFileType = wrapper.application; includeInIndex = 0; path = MYSlideViewController.app; sourceTree = BUILT_PRODUCTS_DIR; };
		4C27012D1F014F5600149F03 /* main.m */ = {isa = PBXFileReference; lastKnownFileType = sourcecode.c.objc; path = main.m; sourceTree = "<group>"; };
		4C27012F1F014F5600149F03 /* AppDelegate.h */ = {isa = PBXFileReference; lastKnownFileType = sourcecode.c.h; path = AppDelegate.h; sourceTree = "<group>"; };
		4C2701301F014F5600149F03 /* AppDelegate.m */ = {isa = PBXFileReference; lastKnownFileType = sourcecode.c.objc; path = AppDelegate.m; sourceTree = "<group>"; };
		4C2701321F014F5600149F03 /* ViewController.h */ = {isa = PBXFileReference; lastKnownFileType = sourcecode.c.h; path = ViewController.h; sourceTree = "<group>"; };
		4C2701331F014F5600149F03 /* ViewController.m */ = {isa = PBXFileReference; lastKnownFileType = sourcecode.c.objc; path = ViewController.m; sourceTree = "<group>"; };
		4C2701361F014F5600149F03 /* Base */ = {isa = PBXFileReference; lastKnownFileType = file.storyboard; name = Base; path = Base.lproj/Main.storyboard; sourceTree = "<group>"; };
		4C2701381F014F5600149F03 /* Assets.xcassets */ = {isa = PBXFileReference; lastKnownFileType = folder.assetcatalog; path = Assets.xcassets; sourceTree = "<group>"; };
		4C27013B1F014F5600149F03 /* Base */ = {isa = PBXFileReference; lastKnownFileType = file.storyboard; name = Base; path = Base.lproj/LaunchScreen.storyboard; sourceTree = "<group>"; };
		4C27013D1F014F5600149F03 /* Info.plist */ = {isa = PBXFileReference; lastKnownFileType = text.plist.xml; path = Info.plist; sourceTree = "<group>"; };
		4C2701421F014F5600149F03 /* MYSlideViewControllerTests.xctest */ = {isa = PBXFileReference; explicitFileType = wrapper.cfbundle; includeInIndex = 0; path = MYSlideViewControllerTests.xctest; sourceTree = BUILT_PRODUCTS_DIR; };
		4C2701461F014F5600149F03 /* MYSlideViewControllerTests.m */ = {isa = PBXFileReference; lastKnownFileType = sourcecode.c.objc; path = MYSlideViewControllerTests.m; sourceTree = "<group>"; };
		4C2701481F014F5600149F03 /* Info.plist */ = {isa = PBXFileReference; lastKnownFileType = text.plist.xml; path = Info.plist; sourceTree = "<group>"; };
		4C27014D1F014F5600149F03 /* MYSlideViewControllerUITests.xctest */ = {isa = PBXFileReference; explicitFileType = wrapper.cfbundle; includeInIndex = 0; path = MYSlideViewControllerUITests.xctest; sourceTree = BUILT_PRODUCTS_DIR; };
		4C2701511F014F5600149F03 /* MYSlideViewControllerUITests.m */ = {isa = PBXFileReference; lastKnownFileType = sourcecode.c.objc; path = MYSlideViewControllerUITests.m; sourceTree = "<group>"; };
		4C2701531F014F5600149F03 /* Info.plist */ = {isa = PBXFileReference; lastKnownFileType = text.plist.xml; path = Info.plist; sourceTree = "<group>"; };
		4C2701601F014FB900149F03 /* MYSlideBarView.h */ = {isa = PBXFileReference; fileEncoding = 4; lastKnownFileType = sourcecode.c.h; path = MYSlideBarView.h; sourceTree = "<group>"; };
		4C2701611F014FB900149F03 /* MYSlideBarView.m */ = {isa = PBXFileReference; fileEncoding = 4; lastKnownFileType = sourcecode.c.objc; path = MYSlideBarView.m; sourceTree = "<group>"; };
		4C2701631F014FD300149F03 /* MYSlideContentView.h */ = {isa = PBXFileReference; fileEncoding = 4; lastKnownFileType = sourcecode.c.h; path = MYSlideContentView.h; sourceTree = "<group>"; };
		4C2701641F014FD300149F03 /* MYSlideContentView.m */ = {isa = PBXFileReference; fileEncoding = 4; lastKnownFileType = sourcecode.c.objc; path = MYSlideContentView.m; sourceTree = "<group>"; };
		4C2701661F0150E700149F03 /* MYSlideBarViewCell.h */ = {isa = PBXFileReference; fileEncoding = 4; lastKnownFileType = sourcecode.c.h; path = MYSlideBarViewCell.h; sourceTree = "<group>"; };
		4C2701671F0150E700149F03 /* MYSlideBarViewCell.m */ = {isa = PBXFileReference; fileEncoding = 4; lastKnownFileType = sourcecode.c.objc; path = MYSlideBarViewCell.m; sourceTree = "<group>"; };
		AFBD3C5F9D2A7B2B7159394F /* libPods-MYSlideViewController.a */ = {isa = PBXFileReference; explicitFileType = archive.ar; includeInIndex = 0; path = "libPods-MYSlideViewController.a"; sourceTree = BUILT_PRODUCTS_DIR; };
		C67AB308EACDB8B72525B087 /* Pods-MYSlideViewController.debug.xcconfig */ = {isa = PBXFileReference; includeInIndex = 1; lastKnownFileType = text.xcconfig; name = "Pods-MYSlideViewController.debug.xcconfig"; path = "Pods/Target Support Files/Pods-MYSlideViewController/Pods-MYSlideViewController.debug.xcconfig"; sourceTree = "<group>"; };
/* End PBXFileReference section */

/* Begin PBXFrameworksBuildPhase section */
		4C2701261F014F5600149F03 /* Frameworks */ = {
			isa = PBXFrameworksBuildPhase;
			buildActionMask = 2147483647;
			files = (
				77B019884175BCA6DB72C451 /* libPods-MYSlideViewController.a in Frameworks */,
			);
			runOnlyForDeploymentPostprocessing = 0;
		};
		4C27013F1F014F5600149F03 /* Frameworks */ = {
			isa = PBXFrameworksBuildPhase;
			buildActionMask = 2147483647;
			files = (
			);
			runOnlyForDeploymentPostprocessing = 0;
		};
		4C27014A1F014F5600149F03 /* Frameworks */ = {
			isa = PBXFrameworksBuildPhase;
			buildActionMask = 2147483647;
			files = (
			);
			runOnlyForDeploymentPostprocessing = 0;
		};
/* End PBXFrameworksBuildPhase section */

/* Begin PBXGroup section */
		4C2701201F014F5500149F03 = {
			isa = PBXGroup;
			children = (
				4C27012B1F014F5600149F03 /* MYSlideViewController */,
				4C2701451F014F5600149F03 /* MYSlideViewControllerTests */,
				4C2701501F014F5600149F03 /* MYSlideViewControllerUITests */,
				4C27012A1F014F5600149F03 /* Products */,
				A5915204B3E7B33A311014A4 /* Pods */,
				6E8D19CCD2E900CE8D28F637 /* Frameworks */,
			);
			sourceTree = "<group>";
		};
		4C27012A1F014F5600149F03 /* Products */ = {
			isa = PBXGroup;
			children = (
				4C2701291F014F5600149F03 /* MYSlideViewController.app */,
				4C2701421F014F5600149F03 /* MYSlideViewControllerTests.xctest */,
				4C27014D1F014F5600149F03 /* MYSlideViewControllerUITests.xctest */,
			);
			name = Products;
			sourceTree = "<group>";
		};
		4C27012B1F014F5600149F03 /* MYSlideViewController */ = {
			isa = PBXGroup;
			children = (
				4C27015F1F014FA200149F03 /* MYSlideViewController */,
				4C27012F1F014F5600149F03 /* AppDelegate.h */,
				4C2701301F014F5600149F03 /* AppDelegate.m */,
				4C2701321F014F5600149F03 /* ViewController.h */,
				4C2701331F014F5600149F03 /* ViewController.m */,
				4C2701351F014F5600149F03 /* Main.storyboard */,
				4C2701381F014F5600149F03 /* Assets.xcassets */,
				4C27013A1F014F5600149F03 /* LaunchScreen.storyboard */,
				4C27013D1F014F5600149F03 /* Info.plist */,
				4C27012C1F014F5600149F03 /* Supporting Files */,
			);
			path = MYSlideViewController;
			sourceTree = "<group>";
		};
		4C27012C1F014F5600149F03 /* Supporting Files */ = {
			isa = PBXGroup;
			children = (
				4C27012D1F014F5600149F03 /* main.m */,
			);
			name = "Supporting Files";
			sourceTree = "<group>";
		};
		4C2701451F014F5600149F03 /* MYSlideViewControllerTests */ = {
			isa = PBXGroup;
			children = (
				4C2701461F014F5600149F03 /* MYSlideViewControllerTests.m */,
				4C2701481F014F5600149F03 /* Info.plist */,
			);
			path = MYSlideViewControllerTests;
			sourceTree = "<group>";
		};
		4C2701501F014F5600149F03 /* MYSlideViewControllerUITests */ = {
			isa = PBXGroup;
			children = (
				4C2701511F014F5600149F03 /* MYSlideViewControllerUITests.m */,
				4C2701531F014F5600149F03 /* Info.plist */,
			);
			path = MYSlideViewControllerUITests;
			sourceTree = "<group>";
		};
		4C27015F1F014FA200149F03 /* MYSlideViewController */ = {
			isa = PBXGroup;
			children = (
				4C2701601F014FB900149F03 /* MYSlideBarView.h */,
				4C2701611F014FB900149F03 /* MYSlideBarView.m */,
				4C2701661F0150E700149F03 /* MYSlideBarViewCell.h */,
				4C2701671F0150E700149F03 /* MYSlideBarViewCell.m */,
				4C2701631F014FD300149F03 /* MYSlideContentView.h */,
				4C2701641F014FD300149F03 /* MYSlideContentView.m */,
			);
			path = MYSlideViewController;
			sourceTree = "<group>";
		};
		6E8D19CCD2E900CE8D28F637 /* Frameworks */ = {
			isa = PBXGroup;
			children = (
				AFBD3C5F9D2A7B2B7159394F /* libPods-MYSlideViewController.a */,
			);
			name = Frameworks;
			sourceTree = "<group>";
		};
		A5915204B3E7B33A311014A4 /* Pods */ = {
			isa = PBXGroup;
			children = (
				C67AB308EACDB8B72525B087 /* Pods-MYSlideViewController.debug.xcconfig */,
				0C4B29965377FB5E45977E04 /* Pods-MYSlideViewController.release.xcconfig */,
			);
			name = Pods;
			sourceTree = "<group>";
		};
/* End PBXGroup section */

/* Begin PBXNativeTarget section */
		4C2701281F014F5600149F03 /* MYSlideViewController */ = {
			isa = PBXNativeTarget;
			buildConfigurationList = 4C2701561F014F5600149F03 /* Build configuration list for PBXNativeTarget "MYSlideViewController" */;
			buildPhases = (
				2DB29CABAB58B63670DC2321 /* [CP] Check Pods Manifest.lock */,
				4C2701251F014F5600149F03 /* Sources */,
				4C2701261F014F5600149F03 /* Frameworks */,
				4C2701271F014F5600149F03 /* Resources */,
				9B88F2052A1C5D31F1075416 /* [CP] Embed Pods Frameworks */,
				74FCE003A6E3DC515366A8EE /* [CP] Copy Pods Resources */,
			);
			buildRules = (
			);
			dependencies = (
			);
			name = MYSlideViewController;
			productName = MYSlideViewController;
			productReference = 4C2701291F014F5600149F03 /* MYSlideViewController.app */;
			productType = "com.apple.product-type.application";
		};
		4C2701411F014F5600149F03 /* MYSlideViewControllerTests */ = {
			isa = PBXNativeTarget;
			buildConfigurationList = 4C2701591F014F5600149F03 /* Build configuration list for PBXNativeTarget "MYSlideViewControllerTests" */;
			buildPhases = (
				4C27013E1F014F5600149F03 /* Sources */,
				4C27013F1F014F5600149F03 /* Frameworks */,
				4C2701401F014F5600149F03 /* Resources */,
			);
			buildRules = (
			);
			dependencies = (
				4C2701441F014F5600149F03 /* PBXTargetDependency */,
			);
			name = MYSlideViewControllerTests;
			productName = MYSlideViewControllerTests;
			productReference = 4C2701421F014F5600149F03 /* MYSlideViewControllerTests.xctest */;
			productType = "com.apple.product-type.bundle.unit-test";
		};
		4C27014C1F014F5600149F03 /* MYSlideViewControllerUITests */ = {
			isa = PBXNativeTarget;
			buildConfigurationList = 4C27015C1F014F5600149F03 /* Build configuration list for PBXNativeTarget "MYSlideViewControllerUITests" */;
			buildPhases = (
				4C2701491F014F5600149F03 /* Sources */,
				4C27014A1F014F5600149F03 /* Frameworks */,
				4C27014B1F014F5600149F03 /* Resources */,
			);
			buildRules = (
			);
			dependencies = (
				4C27014F1F014F5600149F03 /* PBXTargetDependency */,
			);
			name = MYSlideViewControllerUITests;
			productName = MYSlideViewControllerUITests;
			productReference = 4C27014D1F014F5600149F03 /* MYSlideViewControllerUITests.xctest */;
			productType = "com.apple.product-type.bundle.ui-testing";
		};
/* End PBXNativeTarget section */

/* Begin PBXProject section */
		4C2701211F014F5600149F03 /* Project object */ = {
			isa = PBXProject;
			attributes = {
				LastUpgradeCheck = 0830;
				ORGANIZATIONNAME = Michael;
				TargetAttributes = {
					4C2701281F014F5600149F03 = {
						CreatedOnToolsVersion = 8.3.2;
						ProvisioningStyle = Manual;
					};
					4C2701411F014F5600149F03 = {
						CreatedOnToolsVersion = 8.3.2;
						ProvisioningStyle = Automatic;
						TestTargetID = 4C2701281F014F5600149F03;
					};
					4C27014C1F014F5600149F03 = {
						CreatedOnToolsVersion = 8.3.2;
						ProvisioningStyle = Automatic;
						TestTargetID = 4C2701281F014F5600149F03;
					};
				};
			};
			buildConfigurationList = 4C2701241F014F5600149F03 /* Build configuration list for PBXProject "MYSlideViewController" */;
			compatibilityVersion = "Xcode 3.2";
			developmentRegion = English;
			hasScannedForEncodings = 0;
			knownRegions = (
				en,
				Base,
			);
			mainGroup = 4C2701201F014F5500149F03;
			productRefGroup = 4C27012A1F014F5600149F03 /* Products */;
			projectDirPath = "";
			projectRoot = "";
			targets = (
				4C2701281F014F5600149F03 /* MYSlideViewController */,
				4C2701411F014F5600149F03 /* MYSlideViewControllerTests */,
				4C27014C1F014F5600149F03 /* MYSlideViewControllerUITests */,
			);
		};
/* End PBXProject section */

/* Begin PBXResourcesBuildPhase section */
		4C2701271F014F5600149F03 /* Resources */ = {
			isa = PBXResourcesBuildPhase;
			buildActionMask = 2147483647;
			files = (
				4C27013C1F014F5600149F03 /* LaunchScreen.storyboard in Resources */,
				4C2701391F014F5600149F03 /* Assets.xcassets in Resources */,
				4C2701371F014F5600149F03 /* Main.storyboard in Resources */,
			);
			runOnlyForDeploymentPostprocessing = 0;
		};
		4C2701401F014F5600149F03 /* Resources */ = {
			isa = PBXResourcesBuildPhase;
			buildActionMask = 2147483647;
			files = (
			);
			runOnlyForDeploymentPostprocessing = 0;
		};
		4C27014B1F014F5600149F03 /* Resources */ = {
			isa = PBXResourcesBuildPhase;
			buildActionMask = 2147483647;
			files = (
			);
			runOnlyForDeploymentPostprocessing = 0;
		};
/* End PBXResourcesBuildPhase section */

/* Begin PBXShellScriptBuildPhase section */
		2DB29CABAB58B63670DC2321 /* [CP] Check Pods Manifest.lock */ = {
			isa = PBXShellScriptBuildPhase;
			buildActionMask = 2147483647;
			files = (
			);
			inputPaths = (
			);
			name = "[CP] Check Pods Manifest.lock";
			outputPaths = (
			);
			runOnlyForDeploymentPostprocessing = 0;
			shellPath = /bin/sh;
			shellScript = "diff \"${PODS_ROOT}/../Podfile.lock\" \"${PODS_ROOT}/Manifest.lock\" > /dev/null\nif [ $? != 0 ] ; then\n    # print error to STDERR\n    echo \"error: The sandbox is not in sync with the Podfile.lock. Run 'pod install' or update your CocoaPods installation.\" >&2\n    exit 1\nfi\n";
			showEnvVarsInLog = 0;
		};
		74FCE003A6E3DC515366A8EE /* [CP] Copy Pods Resources */ = {
			isa = PBXShellScriptBuildPhase;
			buildActionMask = 2147483647;
			files = (
			);
			inputPaths = (
			);
			name = "[CP] Copy Pods Resources";
			outputPaths = (
			);
			runOnlyForDeploymentPostprocessing = 0;
			shellPath = /bin/sh;
			shellScript = "\"${SRCROOT}/Pods/Target Support Files/Pods-MYSlideViewController/Pods-MYSlideViewController-resources.sh\"\n";
			showEnvVarsInLog = 0;
		};
		9B88F2052A1C5D31F1075416 /* [CP] Embed Pods Frameworks */ = {
			isa = PBXShellScriptBuildPhase;
			buildActionMask = 2147483647;
			files = (
			);
			inputPaths = (
			);
			name = "[CP] Embed Pods Frameworks";
			outputPaths = (
			);
			runOnlyForDeploymentPostprocessing = 0;
			shellPath = /bin/sh;
			shellScript = "\"${SRCROOT}/Pods/Target Support Files/Pods-MYSlideViewController/Pods-MYSlideViewController-frameworks.sh\"\n";
			showEnvVarsInLog = 0;
		};
/* End PBXShellScriptBuildPhase section */

/* Begin PBXSourcesBuildPhase section */
		4C2701251F014F5600149F03 /* Sources */ = {
			isa = PBXSourcesBuildPhase;
			buildActionMask = 2147483647;
			files = (
				4C2701341F014F5600149F03 /* ViewController.m in Sources */,
				4C2701311F014F5600149F03 /* AppDelegate.m in Sources */,
				4C2701681F0150E700149F03 /* MYSlideBarViewCell.m in Sources */,
				4C2701621F014FB900149F03 /* MYSlideBarView.m in Sources */,
				4C27012E1F014F5600149F03 /* main.m in Sources */,
				4C2701651F014FD300149F03 /* MYSlideContentView.m in Sources */,
			);
			runOnlyForDeploymentPostprocessing = 0;
		};
		4C27013E1F014F5600149F03 /* Sources */ = {
			isa = PBXSourcesBuildPhase;
			buildActionMask = 2147483647;
			files = (
				4C2701471F014F5600149F03 /* MYSlideViewControllerTests.m in Sources */,
			);
			runOnlyForDeploymentPostprocessing = 0;
		};
		4C2701491F014F5600149F03 /* Sources */ = {
			isa = PBXSourcesBuildPhase;
			buildActionMask = 2147483647;
			files = (
				4C2701521F014F5600149F03 /* MYSlideViewControllerUITests.m in Sources */,
			);
			runOnlyForDeploymentPostprocessing = 0;
		};
/* End PBXSourcesBuildPhase section */

/* Begin PBXTargetDependency section */
		4C2701441F014F5600149F03 /* PBXTargetDependency */ = {
			isa = PBXTargetDependency;
			target = 4C2701281F014F5600149F03 /* MYSlideViewController */;
			targetProxy = 4C2701431F014F5600149F03 /* PBXContainerItemProxy */;
		};
		4C27014F1F014F5600149F03 /* PBXTargetDependency */ = {
			isa = PBXTargetDependency;
			target = 4C2701281F014F5600149F03 /* MYSlideViewController */;
			targetProxy = 4C27014E1F014F5600149F03 /* PBXContainerItemProxy */;
		};
/* End PBXTargetDependency section */

/* Begin PBXVariantGroup section */
		4C2701351F014F5600149F03 /* Main.storyboard */ = {
			isa = PBXVariantGroup;
			children = (
				4C2701361F014F5600149F03 /* Base */,
			);
			name = Main.storyboard;
			sourceTree = "<group>";
		};
		4C27013A1F014F5600149F03 /* LaunchScreen.storyboard */ = {
			isa = PBXVariantGroup;
			children = (
				4C27013B1F014F5600149F03 /* Base */,
			);
			name = LaunchScreen.storyboard;
			sourceTree = "<group>";
		};
/* End PBXVariantGroup section */

/* Begin XCBuildConfiguration section */
		4C2701541F014F5600149F03 /* Debug */ = {
			isa = XCBuildConfiguration;
			buildSettings = {
				ALWAYS_SEARCH_USER_PATHS = NO;
				CLANG_ANALYZER_NONNULL = YES;
				CLANG_ANALYZER_NUMBER_OBJECT_CONVERSION = YES_AGGRESSIVE;
				CLANG_CXX_LANGUAGE_STANDARD = "gnu++0x";
				CLANG_CXX_LIBRARY = "libc++";
				CLANG_ENABLE_MODULES = YES;
				CLANG_ENABLE_OBJC_ARC = YES;
				CLANG_WARN_BOOL_CONVERSION = YES;
				CLANG_WARN_CONSTANT_CONVERSION = YES;
				CLANG_WARN_DIRECT_OBJC_ISA_USAGE = YES_ERROR;
				CLANG_WARN_DOCUMENTATION_COMMENTS = YES;
				CLANG_WARN_EMPTY_BODY = YES;
				CLANG_WARN_ENUM_CONVERSION = YES;
				CLANG_WARN_INFINITE_RECURSION = YES;
				CLANG_WARN_INT_CONVERSION = YES;
				CLANG_WARN_OBJC_ROOT_CLASS = YES_ERROR;
				CLANG_WARN_SUSPICIOUS_MOVE = YES;
				CLANG_WARN_UNREACHABLE_CODE = YES;
				CLANG_WARN__DUPLICATE_METHOD_MATCH = YES;
				"CODE_SIGN_IDENTITY[sdk=iphoneos*]" = "iPhone Developer";
				COPY_PHASE_STRIP = NO;
				DEBUG_INFORMATION_FORMAT = dwarf;
				ENABLE_STRICT_OBJC_MSGSEND = YES;
				ENABLE_TESTABILITY = YES;
				GCC_C_LANGUAGE_STANDARD = gnu99;
				GCC_DYNAMIC_NO_PIC = NO;
				GCC_NO_COMMON_BLOCKS = YES;
				GCC_OPTIMIZATION_LEVEL = 0;
				GCC_PREPROCESSOR_DEFINITIONS = (
					"DEBUG=1",
					"$(inherited)",
				);
				GCC_WARN_64_TO_32_BIT_CONVERSION = YES;
				GCC_WARN_ABOUT_RETURN_TYPE = YES_ERROR;
				GCC_WARN_UNDECLARED_SELECTOR = YES;
				GCC_WARN_UNINITIALIZED_AUTOS = YES_AGGRESSIVE;
				GCC_WARN_UNUSED_FUNCTION = YES;
				GCC_WARN_UNUSED_VARIABLE = YES;
				IPHONEOS_DEPLOYMENT_TARGET = 10.3;
				MTL_ENABLE_DEBUG_INFO = YES;
				ONLY_ACTIVE_ARCH = YES;
				SDKROOT = iphoneos;
				TARGETED_DEVICE_FAMILY = "1,2";
			};
			name = Debug;
		};
		4C2701551F014F5600149F03 /* Release */ = {
			isa = XCBuildConfiguration;
			buildSettings = {
				ALWAYS_SEARCH_USER_PATHS = NO;
				CLANG_ANALYZER_NONNULL = YES;
				CLANG_ANALYZER_NUMBER_OBJECT_CONVERSION = YES_AGGRESSIVE;
				CLANG_CXX_LANGUAGE_STANDARD = "gnu++0x";
				CLANG_CXX_LIBRARY = "libc++";
				CLANG_ENABLE_MODULES = YES;
				CLANG_ENABLE_OBJC_ARC = YES;
				CLANG_WARN_BOOL_CONVERSION = YES;
				CLANG_WARN_CONSTANT_CONVERSION = YES;
				CLANG_WARN_DIRECT_OBJC_ISA_USAGE = YES_ERROR;
				CLANG_WARN_DOCUMENTATION_COMMENTS = YES;
				CLANG_WARN_EMPTY_BODY = YES;
				CLANG_WARN_ENUM_CONVERSION = YES;
				CLANG_WARN_INFINITE_RECURSION = YES;
				CLANG_WARN_INT_CONVERSION = YES;
				CLANG_WARN_OBJC_ROOT_CLASS = YES_ERROR;
				CLANG_WARN_SUSPICIOUS_MOVE = YES;
				CLANG_WARN_UNREACHABLE_CODE = YES;
				CLANG_WARN__DUPLICATE_METHOD_MATCH = YES;
				"CODE_SIGN_IDENTITY[sdk=iphoneos*]" = "iPhone Developer";
				COPY_PHASE_STRIP = NO;
				DEBUG_INFORMATION_FORMAT = "dwarf-with-dsym";
				ENABLE_NS_ASSERTIONS = NO;
				ENABLE_STRICT_OBJC_MSGSEND = YES;
				GCC_C_LANGUAGE_STANDARD = gnu99;
				GCC_NO_COMMON_BLOCKS = YES;
				GCC_WARN_64_TO_32_BIT_CONVERSION = YES;
				GCC_WARN_ABOUT_RETURN_TYPE = YES_ERROR;
				GCC_WARN_UNDECLARED_SELECTOR = YES;
				GCC_WARN_UNINITIALIZED_AUTOS = YES_AGGRESSIVE;
				GCC_WARN_UNUSED_FUNCTION = YES;
				GCC_WARN_UNUSED_VARIABLE = YES;
				IPHONEOS_DEPLOYMENT_TARGET = 10.3;
				MTL_ENABLE_DEBUG_INFO = NO;
				SDKROOT = iphoneos;
				TARGETED_DEVICE_FAMILY = "1,2";
				VALIDATE_PRODUCT = YES;
			};
			name = Release;
		};
		4C2701571F014F5600149F03 /* Debug */ = {
			isa = XCBuildConfiguration;
			baseConfigurationReference = C67AB308EACDB8B72525B087 /* Pods-MYSlideViewController.debug.xcconfig */;
			buildSettings = {
				ASSETCATALOG_COMPILER_APPICON_NAME = AppIcon;
				DEVELOPMENT_TEAM = "";
				INFOPLIST_FILE = MYSlideViewController/Info.plist;
				LD_RUNPATH_SEARCH_PATHS = "$(inherited) @executable_path/Frameworks";
				PRODUCT_BUNDLE_IDENTIFIER = com.51fanxing.MYSlideViewController;
				PRODUCT_NAME = "$(TARGET_NAME)";
				PROVISIONING_PROFILE_SPECIFIER = "";
			};
			name = Debug;
		};
		4C2701581F014F5600149F03 /* Release */ = {
			isa = XCBuildConfiguration;
			baseConfigurationReference = 0C4B29965377FB5E45977E04 /* Pods-MYSlideViewController.release.xcconfig */;
			buildSettings = {
				ASSETCATALOG_COMPILER_APPICON_NAME = AppIcon;
				DEVELOPMENT_TEAM = "";
				INFOPLIST_FILE = MYSlideViewController/Info.plist;
				LD_RUNPATH_SEARCH_PATHS = "$(inherited) @executable_path/Frameworks";
				PRODUCT_BUNDLE_IDENTIFIER = com.51fanxing.MYSlideViewController;
				PRODUCT_NAME = "$(TARGET_NAME)";
				PROVISIONING_PROFILE_SPECIFIER = "";
			};
			name = Release;
		};
		4C27015A1F014F5600149F03 /* Debug */ = {
			isa = XCBuildConfiguration;
			buildSettings = {
				BUNDLE_LOADER = "$(TEST_HOST)";
				INFOPLIST_FILE = MYSlideViewControllerTests/Info.plist;
				LD_RUNPATH_SEARCH_PATHS = "$(inherited) @executable_path/Frameworks @loader_path/Frameworks";
				PRODUCT_BUNDLE_IDENTIFIER = com.51fanxing.MYSlideViewControllerTests;
				PRODUCT_NAME = "$(TARGET_NAME)";
				TEST_HOST = "$(BUILT_PRODUCTS_DIR)/MYSlideViewController.app/MYSlideViewController";
			};
			name = Debug;
		};
		4C27015B1F014F5600149F03 /* Release */ = {
			isa = XCBuildConfiguration;
			buildSettings = {
				BUNDLE_LOADER = "$(TEST_HOST)";
				INFOPLIST_FILE = MYSlideViewControllerTests/Info.plist;
				LD_RUNPATH_SEARCH_PATHS = "$(inherited) @executable_path/Frameworks @loader_path/Frameworks";
				PRODUCT_BUNDLE_IDENTIFIER = com.51fanxing.MYSlideViewControllerTests;
				PRODUCT_NAME = "$(TARGET_NAME)";
				TEST_HOST = "$(BUILT_PRODUCTS_DIR)/MYSlideViewController.app/MYSlideViewController";
			};
			name = Release;
		};
		4C27015D1F014F5600149F03 /* Debug */ = {
			isa = XCBuildConfiguration;
			buildSettings = {
				INFOPLIST_FILE = MYSlideViewControllerUITests/Info.plist;
				LD_RUNPATH_SEARCH_PATHS = "$(inherited) @executable_path/Frameworks @loader_path/Frameworks";
				PRODUCT_BUNDLE_IDENTIFIER = com.51fanxing.MYSlideViewControllerUITests;
				PRODUCT_NAME = "$(TARGET_NAME)";
				TEST_TARGET_NAME = MYSlideViewController;
			};
			name = Debug;
		};
		4C27015E1F014F5600149F03 /* Release */ = {
			isa = XCBuildConfiguration;
			buildSettings = {
				INFOPLIST_FILE = MYSlideViewControllerUITests/Info.plist;
				LD_RUNPATH_SEARCH_PATHS = "$(inherited) @executable_path/Frameworks @loader_path/Frameworks";
				PRODUCT_BUNDLE_IDENTIFIER = com.51fanxing.MYSlideViewControllerUITests;
				PRODUCT_NAME = "$(TARGET_NAME)";
				TEST_TARGET_NAME = MYSlideViewController;
			};
			name = Release;
		};
/* End XCBuildConfiguration section */

/* Begin XCConfigurationList section */
		4C2701241F014F5600149F03 /* Build configuration list for PBXProject "MYSlideViewController" */ = {
			isa = XCConfigurationList;
			buildConfigurations = (
				4C2701541F014F5600149F03 /* Debug */,
				4C2701551F014F5600149F03 /* Release */,
			);
			defaultConfigurationIsVisible = 0;
			defaultConfigurationName = Release;
		};
		4C2701561F014F5600149F03 /* Build configuration list for PBXNativeTarget "MYSlideViewController" */ = {
			isa = XCConfigurationList;
			buildConfigurations = (
				4C2701571F014F5600149F03 /* Debug */,
				4C2701581F014F5600149F03 /* Release */,
			);
			defaultConfigurationIsVisible = 0;
			defaultConfigurationName = Release;
		};
		4C2701591F014F5600149F03 /* Build configuration list for PBXNativeTarget "MYSlideViewControllerTests" */ = {
			isa = XCConfigurationList;
			buildConfigurations = (
				4C27015A1F014F5600149F03 /* Debug */,
				4C27015B1F014F5600149F03 /* Release */,
			);
			defaultConfigurationIsVisible = 0;
			defaultConfigurationName = Release;
		};
		4C27015C1F014F5600149F03 /* Build configuration list for PBXNativeTarget "MYSlideViewControllerUITests" */ = {
			isa = XCConfigurationList;
			buildConfigurations = (
				4C27015D1F014F5600149F03 /* Debug */,
				4C27015E1F014F5600149F03 /* Release */,
			);
			defaultConfigurationIsVisible = 0;
			defaultConfigurationName = Release;
		};
/* End XCConfigurationList section */
	};
	rootObject = 4C2701211F014F5600149F03 /* Project object */;
}
